
Microsoft Visual Studio Solution File, Format Version 12.00
# Visual Studio 2013
VisualStudioVersion = 12.0.21005.1
MinimumVisualStudioVersion = 10.0.40219.1
Project("{8BC9CEB8-8B4A-11D0-8D11-00A0C91BC942}") = "FabricPort", "fbPort.vcxproj", "{EBB29103-7671-4CDB-9A47-66763F9E59B7}"
EndProject
Project("{8BC9CEB8-8B4A-11D0-8D11-00A0C91BC942}") = "EXT_SceneInfo", "EXT_SceneInfo\EXT_SceneInfo.vcxproj", "{EB9D7AE4-8F2E-40F0-83FC-4B61373A4FB0}"
	ProjectSection(ProjectDependencies) = postProject
		{EBB29103-7671-4CDB-9A47-66763F9E59B7} = {EBB29103-7671-4CDB-9A47-66763F9E59B7}
	EndProjectSection
EndProject
Global
	GlobalSection(SolutionConfigurationPlatforms) = preSolution
		Debug|Mixed Platforms = Debug|Mixed Platforms
		Debug|Win32 = Debug|Win32
		Debug|x64 = Debug|x64
		Release|Mixed Platforms = Release|Mixed Platforms
		Release|Win32 = Release|Win32
		Release|x64 = Release|x64
	EndGlobalSection
	GlobalSection(ProjectConfigurationPlatforms) = postSolution
		{EBB29103-7671-4CDB-9A47-66763F9E59B7}.Debug|Mixed Platforms.ActiveCfg = Debug|Win32
		{EBB29103-7671-4CDB-9A47-66763F9E59B7}.Debug|Mixed Platforms.Build.0 = Debug|Win32
		{EBB29103-7671-4CDB-9A47-66763F9E59B7}.Debug|Win32.ActiveCfg = Debug|Win32
		{EBB29103-7671-4CDB-9A47-66763F9E59B7}.Debug|Win32.Build.0 = Debug|Win32
		{EBB29103-7671-4CDB-9A47-66763F9E59B7}.Debug|x64.ActiveCfg = Debug|x64
		{EBB29103-7671-4CDB-9A47-66763F9E59B7}.Debug|x64.Build.0 = Debug|x64
		{EBB29103-7671-4CDB-9A47-66763F9E59B7}.Release|Mixed Platforms.ActiveCfg = Release|Win32
		{EBB29103-7671-4CDB-9A47-66763F9E59B7}.Release|Mixed Platforms.Build.0 = Release|Win32
		{EBB29103-7671-4CDB-9A47-66763F9E59B7}.Release|Win32.ActiveCfg = Release|Win32
		{EBB29103-7671-4CDB-9A47-66763F9E59B7}.Release|Win32.Build.0 = Release|Win32
		{EBB29103-7671-4CDB-9A47-66763F9E59B7}.Release|x64.ActiveCfg = Release|x64
		{EBB29103-7671-4CDB-9A47-66763F9E59B7}.Release|x64.Build.0 = Release|x64
		{EB9D7AE4-8F2E-40F0-83FC-4B61373A4FB0}.Debug|Mixed Platforms.ActiveCfg = Debug|Win32
		{EB9D7AE4-8F2E-40F0-83FC-4B61373A4FB0}.Debug|Mixed Platforms.Build.0 = Debug|Win32
		{EB9D7AE4-8F2E-40F0-83FC-4B61373A4FB0}.Debug|Win32.ActiveCfg = Debug|Win32
		{EB9D7AE4-8F2E-40F0-83FC-4B61373A4FB0}.Debug|Win32.Build.0 = Debug|Win32
		{EB9D7AE4-8F2E-40F0-83FC-4B61373A4FB0}.Debug|x64.ActiveCfg = Debug|Win32
		{EB9D7AE4-8F2E-40F0-83FC-4B61373A4FB0}.Release|Mixed Platforms.ActiveCfg = Release|Win32
		{EB9D7AE4-8F2E-40F0-83FC-4B61373A4FB0}.Release|Mixed Platforms.Build.0 = Release|Win32
		{EB9D7AE4-8F2E-40F0-83FC-4B61373A4FB0}.Release|Win32.ActiveCfg = Release|Win32
		{EB9D7AE4-8F2E-40F0-83FC-4B61373A4FB0}.Release|Win32.Build.0 = Release|Win32
		{EB9D7AE4-8F2E-40F0-83FC-4B61373A4FB0}.Release|x64.ActiveCfg = Release|Win32
	EndGlobalSection
	GlobalSection(SolutionProperties) = preSolution
		HideSolutionNode = FALSE
	EndGlobalSection
EndGlobal
